
Microsoft Visual Studio Solution File, Format Version 12.00
# Visual Studio Version 17
VisualStudioVersion = 17.3.32929.385
MinimumVisualStudioVersion = 10.0.40219.1
Project("{FAE04EC0-301F-11D3-BF4B-00C04F79EFBC}") = "UmaniMostri", "UmaniMostri\UmaniMostri.csproj", "{B17B7B6E-52E4-439E-9BEA-64B9F238B8FE}"
EndProject
Global
	GlobalSection(SolutionConfigurationPlatforms) = preSolution
		Debug|Any CPU = Debug|Any CPU
		Release|Any CPU = Release|Any CPU
	EndGlobalSection
	GlobalSection(ProjectConfigurationPlatforms) = postSolution
		{B17B7B6E-52E4-439E-9BEA-64B9F238B8FE}.Debug|Any CPU.ActiveCfg = Debug|Any CPU
		{B17B7B6E-52E4-439E-9BEA-64B9F238B8FE}.Debug|Any CPU.Build.0 = Debug|Any CPU
		{B17B7B6E-52E4-439E-9BEA-64B9F238B8FE}.Release|Any CPU.ActiveCfg = Release|Any CPU
		{B17B7B6E-52E4-439E-9BEA-64B9F238B8FE}.Release|Any CPU.Build.0 = Release|Any CPU
	EndGlobalSection
	GlobalSection(SolutionProperties) = preSolution
		HideSolutionNode = FALSE
	EndGlobalSection
	GlobalSection(ExtensibilityGlobals) = postSolution
		SolutionGuid = {54C656F1-1C98-4F66-B4F5-6A0AA8268324}
	EndGlobalSection
EndGlobal
